
Microsoft Visual Studio Solution File, Format Version 12.00
# Visual Studio Version 16
VisualStudioVersion = 16.0.30104.148
MinimumVisualStudioVersion = 10.0.40219.1
Project("{FAE04EC0-301F-11D3-BF4B-00C04F79EFBC}") = "Act3Items", "Act3Items\Act3Items.csproj", "{899C9A4D-61AD-4A52-8C23-60B4DE67B0FB}"
EndProject
Global
	GlobalSection(SolutionConfigurationPlatforms) = preSolution
		Debug|Any CPU = Debug|Any CPU
		Release|Any CPU = Release|Any CPU
	EndGlobalSection
	GlobalSection(ProjectConfigurationPlatforms) = postSolution
		{899C9A4D-61AD-4A52-8C23-60B4DE67B0FB}.Debug|Any CPU.ActiveCfg = Debug|Any CPU
		{899C9A4D-61AD-4A52-8C23-60B4DE67B0FB}.Debug|Any CPU.Build.0 = Debug|Any CPU
		{899C9A4D-61AD-4A52-8C23-60B4DE67B0FB}.Release|Any CPU.ActiveCfg = Release|Any CPU
		{899C9A4D-61AD-4A52-8C23-60B4DE67B0FB}.Release|Any CPU.Build.0 = Release|Any CPU
	EndGlobalSection
	GlobalSection(SolutionProperties) = preSolution
		HideSolutionNode = FALSE
	EndGlobalSection
	GlobalSection(ExtensibilityGlobals) = postSolution
		SolutionGuid = {92E9CC58-CD40-48D3-91DC-4464DC2A4050}
	EndGlobalSection
EndGlobal
